
Microsoft Visual Studio Solution File, Format Version 12.00
# Visual Studio Version 16
VisualStudioVersion = 16.0.809.10
MinimumVisualStudioVersion = 10.0.40219.1
Project("{2150E333-8FDC-42A3-9474-1A3956D46DE8}") = "Storage", "Storage", "{50D429F0-B397-45CE-9426-277DA7C92F2F}"
EndProject
Project("{2150E333-8FDC-42A3-9474-1A3956D46DE8}") = "Queue", "Queue", "{FA457551-CEBB-4426-9CFA-59CDA6E4D066}"
EndProject
Project("{FAE04EC0-301F-11D3-BF4B-00C04F79EFBC}") = "QueueStorage", "QueueStorage\QueueStorage.csproj", "{BDFDCCC7-007C-4ED2-B47C-5F9CB9E59C9A}"
EndProject
Project("{2150E333-8FDC-42A3-9474-1A3956D46DE8}") = "ApiManagement", "ApiManagement", "{FA6828A7-695A-414B-830A-6670C49D00F6}"
EndProject
Project("{FAE04EC0-301F-11D3-BF4B-00C04F79EFBC}") = "WebApi", "ApiManagement\WebApi\WebApi.csproj", "{4EE507AD-14E6-4318-BC40-D184E638224D}"
EndProject
Project("{2150E333-8FDC-42A3-9474-1A3956D46DE8}") = "Security", "Security", "{6EC56F83-DF88-4625-B423-D67769DFE09D}"
EndProject
Project("{FAE04EC0-301F-11D3-BF4B-00C04F79EFBC}") = "GetTokenFromAAD", "Security\GetTokenFromAAD\GetTokenFromAAD.csproj", "{5EF81745-6E6D-4FDE-84B1-5BEF484627F3}"
EndProject
Project("{FAE04EC0-301F-11D3-BF4B-00C04F79EFBC}") = "KeyVault", "Security\KeyVault\KeyVault.csproj", "{B272BBC7-7016-4D0B-B47F-38A382068F7D}"
EndProject
Project("{2150E333-8FDC-42A3-9474-1A3956D46DE8}") = "EventHub", "EventHub", "{9FD09228-E45C-4371-8E60-7267BD785573}"
EndProject
Project("{FAE04EC0-301F-11D3-BF4B-00C04F79EFBC}") = "Sender", "EventHub\Sender\Sender.csproj", "{A6638C90-8016-4A03-A81E-BA13CF385A93}"
EndProject
Project("{FAE04EC0-301F-11D3-BF4B-00C04F79EFBC}") = "Reader", "EventHub\Reader\Reader.csproj", "{2A2B5B03-5E31-48D0-B7AD-AB7DA90B9BF9}"
EndProject
Project("{2150E333-8FDC-42A3-9474-1A3956D46DE8}") = "ServiceBus", "ServiceBus", "{06504175-1243-44D5-9B12-6343186B982C}"
EndProject
Project("{2150E333-8FDC-42A3-9474-1A3956D46DE8}") = "ServiceBusQueue", "ServiceBusQueue", "{A7251675-81BF-4857-8EE4-342E1E86EA2E}"
	ProjectSection(SolutionItems) = preProject
		ServiceBus\ServiceBusQueue\PreRequisites.txt = ServiceBus\ServiceBusQueue\PreRequisites.txt
	EndProjectSection
EndProject
Project("{2150E333-8FDC-42A3-9474-1A3956D46DE8}") = "QueueStorage", "QueueStorage", "{0AB8AD03-BCAF-434A-A152-63F2C6548480}"
EndProject
Project("{FAE04EC0-301F-11D3-BF4B-00C04F79EFBC}") = "ServiceBusQueueSender", "ServiceBus\ServiceBusQueue\ServiceBusQueueSender\ServiceBusQueueSender.csproj", "{624453F4-6812-46A5-9550-969F90FB8D4B}"
EndProject
Project("{FAE04EC0-301F-11D3-BF4B-00C04F79EFBC}") = "ServiceBusQueueReceiver", "ServiceBus\ServiceBusQueue\ServiceBusQueueReceiver\ServiceBusQueueReceiver.csproj", "{8047B58B-7B54-47BA-BECE-842833AC69BA}"
EndProject
Global
	GlobalSection(SolutionConfigurationPlatforms) = preSolution
		Debug|Any CPU = Debug|Any CPU
		Release|Any CPU = Release|Any CPU
	EndGlobalSection
	GlobalSection(ProjectConfigurationPlatforms) = postSolution
		{BDFDCCC7-007C-4ED2-B47C-5F9CB9E59C9A}.Debug|Any CPU.ActiveCfg = Debug|Any CPU
		{BDFDCCC7-007C-4ED2-B47C-5F9CB9E59C9A}.Debug|Any CPU.Build.0 = Debug|Any CPU
		{BDFDCCC7-007C-4ED2-B47C-5F9CB9E59C9A}.Release|Any CPU.ActiveCfg = Release|Any CPU
		{BDFDCCC7-007C-4ED2-B47C-5F9CB9E59C9A}.Release|Any CPU.Build.0 = Release|Any CPU
		{4EE507AD-14E6-4318-BC40-D184E638224D}.Debug|Any CPU.ActiveCfg = Debug|Any CPU
		{4EE507AD-14E6-4318-BC40-D184E638224D}.Debug|Any CPU.Build.0 = Debug|Any CPU
		{4EE507AD-14E6-4318-BC40-D184E638224D}.Release|Any CPU.ActiveCfg = Release|Any CPU
		{4EE507AD-14E6-4318-BC40-D184E638224D}.Release|Any CPU.Build.0 = Release|Any CPU
		{5EF81745-6E6D-4FDE-84B1-5BEF484627F3}.Debug|Any CPU.ActiveCfg = Debug|Any CPU
		{5EF81745-6E6D-4FDE-84B1-5BEF484627F3}.Debug|Any CPU.Build.0 = Debug|Any CPU
		{5EF81745-6E6D-4FDE-84B1-5BEF484627F3}.Release|Any CPU.ActiveCfg = Release|Any CPU
		{5EF81745-6E6D-4FDE-84B1-5BEF484627F3}.Release|Any CPU.Build.0 = Release|Any CPU
		{B272BBC7-7016-4D0B-B47F-38A382068F7D}.Debug|Any CPU.ActiveCfg = Debug|Any CPU
		{B272BBC7-7016-4D0B-B47F-38A382068F7D}.Debug|Any CPU.Build.0 = Debug|Any CPU
		{B272BBC7-7016-4D0B-B47F-38A382068F7D}.Release|Any CPU.ActiveCfg = Release|Any CPU
		{B272BBC7-7016-4D0B-B47F-38A382068F7D}.Release|Any CPU.Build.0 = Release|Any CPU
		{A6638C90-8016-4A03-A81E-BA13CF385A93}.Debug|Any CPU.ActiveCfg = Debug|Any CPU
		{A6638C90-8016-4A03-A81E-BA13CF385A93}.Debug|Any CPU.Build.0 = Debug|Any CPU
		{A6638C90-8016-4A03-A81E-BA13CF385A93}.Release|Any CPU.ActiveCfg = Release|Any CPU
		{A6638C90-8016-4A03-A81E-BA13CF385A93}.Release|Any CPU.Build.0 = Release|Any CPU
		{2A2B5B03-5E31-48D0-B7AD-AB7DA90B9BF9}.Debug|Any CPU.ActiveCfg = Debug|Any CPU
		{2A2B5B03-5E31-48D0-B7AD-AB7DA90B9BF9}.Debug|Any CPU.Build.0 = Debug|Any CPU
		{2A2B5B03-5E31-48D0-B7AD-AB7DA90B9BF9}.Release|Any CPU.ActiveCfg = Release|Any CPU
		{2A2B5B03-5E31-48D0-B7AD-AB7DA90B9BF9}.Release|Any CPU.Build.0 = Release|Any CPU
		{624453F4-6812-46A5-9550-969F90FB8D4B}.Debug|Any CPU.ActiveCfg = Debug|Any CPU
		{624453F4-6812-46A5-9550-969F90FB8D4B}.Debug|Any CPU.Build.0 = Debug|Any CPU
		{624453F4-6812-46A5-9550-969F90FB8D4B}.Release|Any CPU.ActiveCfg = Release|Any CPU
		{624453F4-6812-46A5-9550-969F90FB8D4B}.Release|Any CPU.Build.0 = Release|Any CPU
		{8047B58B-7B54-47BA-BECE-842833AC69BA}.Debug|Any CPU.ActiveCfg = Debug|Any CPU
		{8047B58B-7B54-47BA-BECE-842833AC69BA}.Debug|Any CPU.Build.0 = Debug|Any CPU
		{8047B58B-7B54-47BA-BECE-842833AC69BA}.Release|Any CPU.ActiveCfg = Release|Any CPU
		{8047B58B-7B54-47BA-BECE-842833AC69BA}.Release|Any CPU.Build.0 = Release|Any CPU
	EndGlobalSection
	GlobalSection(SolutionProperties) = preSolution
		HideSolutionNode = FALSE
	EndGlobalSection
	GlobalSection(ExtensibilityGlobals) = postSolution
		SolutionGuid = {73603029-B81E-4514-87AE-67B5ABF39101}
	EndGlobalSection
	GlobalSection(NestedProjects) = preSolution
		{FA457551-CEBB-4426-9CFA-59CDA6E4D066} = {50D429F0-B397-45CE-9426-277DA7C92F2F}
		{BDFDCCC7-007C-4ED2-B47C-5F9CB9E59C9A} = {FA457551-CEBB-4426-9CFA-59CDA6E4D066}
		{4EE507AD-14E6-4318-BC40-D184E638224D} = {FA6828A7-695A-414B-830A-6670C49D00F6}
		{5EF81745-6E6D-4FDE-84B1-5BEF484627F3} = {6EC56F83-DF88-4625-B423-D67769DFE09D}
		{B272BBC7-7016-4D0B-B47F-38A382068F7D} = {6EC56F83-DF88-4625-B423-D67769DFE09D}
		{A6638C90-8016-4A03-A81E-BA13CF385A93} = {9FD09228-E45C-4371-8E60-7267BD785573}
		{2A2B5B03-5E31-48D0-B7AD-AB7DA90B9BF9} = {9FD09228-E45C-4371-8E60-7267BD785573}
		{A7251675-81BF-4857-8EE4-342E1E86EA2E} = {06504175-1243-44D5-9B12-6343186B982C}
		{0AB8AD03-BCAF-434A-A152-63F2C6548480} = {06504175-1243-44D5-9B12-6343186B982C}
		{624453F4-6812-46A5-9550-969F90FB8D4B} = {A7251675-81BF-4857-8EE4-342E1E86EA2E}
		{8047B58B-7B54-47BA-BECE-842833AC69BA} = {A7251675-81BF-4857-8EE4-342E1E86EA2E}
	EndGlobalSection
EndGlobal
