
Microsoft Visual Studio Solution File, Format Version 12.00
# Visual Studio Version 16
VisualStudioVersion = 16.0.809.10
MinimumVisualStudioVersion = 10.0.40219.1
Project("{2150E333-8FDC-42A3-9474-1A3956D46DE8}") = "Storage", "Storage", "{50D429F0-B397-45CE-9426-277DA7C92F2F}"
EndProject
Project("{2150E333-8FDC-42A3-9474-1A3956D46DE8}") = "Queue", "Queue", "{FA457551-CEBB-4426-9CFA-59CDA6E4D066}"
EndProject
Project("{FAE04EC0-301F-11D3-BF4B-00C04F79EFBC}") = "QueueStorage", "QueueStorage\QueueStorage.csproj", "{BDFDCCC7-007C-4ED2-B47C-5F9CB9E59C9A}"
EndProject
Project("{2150E333-8FDC-42A3-9474-1A3956D46DE8}") = "ApiManagement", "ApiManagement", "{FA6828A7-695A-414B-830A-6670C49D00F6}"
EndProject
Project("{FAE04EC0-301F-11D3-BF4B-00C04F79EFBC}") = "WebApi", "ApiManagement\WebApi\WebApi.csproj", "{4EE507AD-14E6-4318-BC40-D184E638224D}"
EndProject
Project("{2150E333-8FDC-42A3-9474-1A3956D46DE8}") = "Security", "Security", "{6EC56F83-DF88-4625-B423-D67769DFE09D}"
EndProject
Project("{FAE04EC0-301F-11D3-BF4B-00C04F79EFBC}") = "GetTokenFromAAD", "Security\GetTokenFromAAD\GetTokenFromAAD.csproj", "{5EF81745-6E6D-4FDE-84B1-5BEF484627F3}"
EndProject
Project("{FAE04EC0-301F-11D3-BF4B-00C04F79EFBC}") = "KeyVault", "Security\KeyVault\KeyVault.csproj", "{B272BBC7-7016-4D0B-B47F-38A382068F7D}"
EndProject
Global
	GlobalSection(SolutionConfigurationPlatforms) = preSolution
		Debug|Any CPU = Debug|Any CPU
		Release|Any CPU = Release|Any CPU
	EndGlobalSection
	GlobalSection(ProjectConfigurationPlatforms) = postSolution
		{BDFDCCC7-007C-4ED2-B47C-5F9CB9E59C9A}.Debug|Any CPU.ActiveCfg = Debug|Any CPU
		{BDFDCCC7-007C-4ED2-B47C-5F9CB9E59C9A}.Debug|Any CPU.Build.0 = Debug|Any CPU
		{BDFDCCC7-007C-4ED2-B47C-5F9CB9E59C9A}.Release|Any CPU.ActiveCfg = Release|Any CPU
		{BDFDCCC7-007C-4ED2-B47C-5F9CB9E59C9A}.Release|Any CPU.Build.0 = Release|Any CPU
		{4EE507AD-14E6-4318-BC40-D184E638224D}.Debug|Any CPU.ActiveCfg = Debug|Any CPU
		{4EE507AD-14E6-4318-BC40-D184E638224D}.Debug|Any CPU.Build.0 = Debug|Any CPU
		{4EE507AD-14E6-4318-BC40-D184E638224D}.Release|Any CPU.ActiveCfg = Release|Any CPU
		{4EE507AD-14E6-4318-BC40-D184E638224D}.Release|Any CPU.Build.0 = Release|Any CPU
		{5EF81745-6E6D-4FDE-84B1-5BEF484627F3}.Debug|Any CPU.ActiveCfg = Debug|Any CPU
		{5EF81745-6E6D-4FDE-84B1-5BEF484627F3}.Debug|Any CPU.Build.0 = Debug|Any CPU
		{5EF81745-6E6D-4FDE-84B1-5BEF484627F3}.Release|Any CPU.ActiveCfg = Release|Any CPU
		{5EF81745-6E6D-4FDE-84B1-5BEF484627F3}.Release|Any CPU.Build.0 = Release|Any CPU
		{B272BBC7-7016-4D0B-B47F-38A382068F7D}.Debug|Any CPU.ActiveCfg = Debug|Any CPU
		{B272BBC7-7016-4D0B-B47F-38A382068F7D}.Debug|Any CPU.Build.0 = Debug|Any CPU
		{B272BBC7-7016-4D0B-B47F-38A382068F7D}.Release|Any CPU.ActiveCfg = Release|Any CPU
		{B272BBC7-7016-4D0B-B47F-38A382068F7D}.Release|Any CPU.Build.0 = Release|Any CPU
	EndGlobalSection
	GlobalSection(SolutionProperties) = preSolution
		HideSolutionNode = FALSE
	EndGlobalSection
	GlobalSection(ExtensibilityGlobals) = postSolution
		SolutionGuid = {73603029-B81E-4514-87AE-67B5ABF39101}
	EndGlobalSection
	GlobalSection(NestedProjects) = preSolution
		{FA457551-CEBB-4426-9CFA-59CDA6E4D066} = {50D429F0-B397-45CE-9426-277DA7C92F2F}
		{BDFDCCC7-007C-4ED2-B47C-5F9CB9E59C9A} = {FA457551-CEBB-4426-9CFA-59CDA6E4D066}
		{4EE507AD-14E6-4318-BC40-D184E638224D} = {FA6828A7-695A-414B-830A-6670C49D00F6}
		{5EF81745-6E6D-4FDE-84B1-5BEF484627F3} = {6EC56F83-DF88-4625-B423-D67769DFE09D}
		{B272BBC7-7016-4D0B-B47F-38A382068F7D} = {6EC56F83-DF88-4625-B423-D67769DFE09D}
	EndGlobalSection
EndGlobal
